// !$*UTF8*$!
{
	archiveVersion = 1;
	classes = {
	};
	objectVersion = 56;
	objects = {

/* Begin PBXBuildFile section */
		991BB5D72AC81BCA003DF840 /* AppDelegate.swift in Sources */ = {isa = PBXBuildFile; fileRef = 991BB5D62AC81BCA003DF840 /* AppDelegate.swift */; };
		991BB5D92AC81BCA003DF840 /* SceneDelegate.swift in Sources */ = {isa = PBXBuildFile; fileRef = 991BB5D82AC81BCA003DF840 /* SceneDelegate.swift */; };
		991BB5DB2AC81BCA003DF840 /* ViewController.swift in Sources */ = {isa = PBXBuildFile; fileRef = 991BB5DA2AC81BCA003DF840 /* ViewController.swift */; };
		991BB5E02AC81BCC003DF840 /* Assets.xcassets in Resources */ = {isa = PBXBuildFile; fileRef = 991BB5DF2AC81BCC003DF840 /* Assets.xcassets */; };
		991BB5E32AC81BCC003DF840 /* LaunchScreen.storyboard in Resources */ = {isa = PBXBuildFile; fileRef = 991BB5E12AC81BCC003DF840 /* LaunchScreen.storyboard */; };
		991BB5F62AC82327003DF840 /* UIView+.swift in Sources */ = {isa = PBXBuildFile; fileRef = 991BB5F32AC82327003DF840 /* UIView+.swift */; };
		991BB5F72AC82327003DF840 /* UILabel+.swift in Sources */ = {isa = PBXBuildFile; fileRef = 991BB5F42AC82327003DF840 /* UILabel+.swift */; };
		991BB5F82AC82327003DF840 /* UIScrollView+.swift in Sources */ = {isa = PBXBuildFile; fileRef = 991BB5F52AC82327003DF840 /* UIScrollView+.swift */; };
/* End PBXBuildFile section */

/* Begin PBXFileReference section */
		991BB5D32AC81BCA003DF840 /* PageViewTutorial.app */ = {isa = PBXFileReference; explicitFileType = wrapper.application; includeInIndex = 0; path = PageViewTutorial.app; sourceTree = BUILT_PRODUCTS_DIR; };
		991BB5D62AC81BCA003DF840 /* AppDelegate.swift */ = {isa = PBXFileReference; lastKnownFileType = sourcecode.swift; path = AppDelegate.swift; sourceTree = "<group>"; };
		991BB5D82AC81BCA003DF840 /* SceneDelegate.swift */ = {isa = PBXFileReference; lastKnownFileType = sourcecode.swift; path = SceneDelegate.swift; sourceTree = "<group>"; };
		991BB5DA2AC81BCA003DF840 /* ViewController.swift */ = {isa = PBXFileReference; lastKnownFileType = sourcecode.swift; path = ViewController.swift; sourceTree = "<group>"; };
		991BB5DF2AC81BCC003DF840 /* Assets.xcassets */ = {isa = PBXFileReference; lastKnownFileType = folder.assetcatalog; path = Assets.xcassets; sourceTree = "<group>"; };
		991BB5E22AC81BCC003DF840 /* Base */ = {isa = PBXFileReference; lastKnownFileType = file.storyboard; name = Base; path = Base.lproj/LaunchScreen.storyboard; sourceTree = "<group>"; };
		991BB5E42AC81BCC003DF840 /* Info.plist */ = {isa = PBXFileReference; lastKnownFileType = text.plist.xml; path = Info.plist; sourceTree = "<group>"; };
		991BB5F32AC82327003DF840 /* UIView+.swift */ = {isa = PBXFileReference; fileEncoding = 4; lastKnownFileType = sourcecode.swift; path = "UIView+.swift"; sourceTree = "<group>"; };
		991BB5F42AC82327003DF840 /* UILabel+.swift */ = {isa = PBXFileReference; fileEncoding = 4; lastKnownFileType = sourcecode.swift; path = "UILabel+.swift"; sourceTree = "<group>"; };
		991BB5F52AC82327003DF840 /* UIScrollView+.swift */ = {isa = PBXFileReference; fileEncoding = 4; lastKnownFileType = sourcecode.swift; path = "UIScrollView+.swift"; sourceTree = "<group>"; };
/* End PBXFileReference section */

/* Begin PBXFrameworksBuildPhase section */
		991BB5D02AC81BCA003DF840 /* Frameworks */ = {
			isa = PBXFrameworksBuildPhase;
			buildActionMask = 2147483647;
			files = (
			);
			runOnlyForDeploymentPostprocessing = 0;
		};
/* End PBXFrameworksBuildPhase section */

/* Begin PBXGroup section */
		991BB5CA2AC81BCA003DF840 = {
			isa = PBXGroup;
			children = (
				991BB5D52AC81BCA003DF840 /* PageViewTutorial */,
				991BB5D42AC81BCA003DF840 /* Products */,
			);
			sourceTree = "<group>";
		};
		991BB5D42AC81BCA003DF840 /* Products */ = {
			isa = PBXGroup;
			children = (
				991BB5D32AC81BCA003DF840 /* PageViewTutorial.app */,
			);
			name = Products;
			sourceTree = "<group>";
		};
		991BB5D52AC81BCA003DF840 /* PageViewTutorial */ = {
			isa = PBXGroup;
			children = (
				991BB5F22AC82327003DF840 /* Helpers */,
				991BB5D62AC81BCA003DF840 /* AppDelegate.swift */,
				991BB5D82AC81BCA003DF840 /* SceneDelegate.swift */,
				991BB5DA2AC81BCA003DF840 /* ViewController.swift */,
				991BB5DF2AC81BCC003DF840 /* Assets.xcassets */,
				991BB5E12AC81BCC003DF840 /* LaunchScreen.storyboard */,
				991BB5E42AC81BCC003DF840 /* Info.plist */,
			);
			path = PageViewTutorial;
			sourceTree = "<group>";
		};
		991BB5F22AC82327003DF840 /* Helpers */ = {
			isa = PBXGroup;
			children = (
				991BB5F32AC82327003DF840 /* UIView+.swift */,
				991BB5F42AC82327003DF840 /* UILabel+.swift */,
				991BB5F52AC82327003DF840 /* UIScrollView+.swift */,
			);
			path = Helpers;
			sourceTree = "<group>";
		};
/* End PBXGroup section */

/* Begin PBXNativeTarget section */
		991BB5D22AC81BCA003DF840 /* PageViewTutorial */ = {
			isa = PBXNativeTarget;
			buildConfigurationList = 991BB5E72AC81BCC003DF840 /* Build configuration list for PBXNativeTarget "PageViewTutorial" */;
			buildPhases = (
				991BB5CF2AC81BCA003DF840 /* Sources */,
				991BB5D02AC81BCA003DF840 /* Frameworks */,
				991BB5D12AC81BCA003DF840 /* Resources */,
			);
			buildRules = (
			);
			dependencies = (
			);
			name = PageViewTutorial;
			productName = PageViewTutorial;
			productReference = 991BB5D32AC81BCA003DF840 /* PageViewTutorial.app */;
			productType = "com.apple.product-type.application";
		};
/* End PBXNativeTarget section */

/* Begin PBXProject section */
		991BB5CB2AC81BCA003DF840 /* Project object */ = {
			isa = PBXProject;
			attributes = {
				BuildIndependentTargetsInParallel = 1;
				LastSwiftUpdateCheck = 1410;
				LastUpgradeCheck = 1410;
				TargetAttributes = {
					991BB5D22AC81BCA003DF840 = {
						CreatedOnToolsVersion = 14.1;
					};
				};
			};
			buildConfigurationList = 991BB5CE2AC81BCA003DF840 /* Build configuration list for PBXProject "PageViewTutorial" */;
			compatibilityVersion = "Xcode 14.0";
			developmentRegion = en;
			hasScannedForEncodings = 0;
			knownRegions = (
				en,
				Base,
			);
			mainGroup = 991BB5CA2AC81BCA003DF840;
			productRefGroup = 991BB5D42AC81BCA003DF840 /* Products */;
			projectDirPath = "";
			projectRoot = "";
			targets = (
				991BB5D22AC81BCA003DF840 /* PageViewTutorial */,
			);
		};
/* End PBXProject section */

/* Begin PBXResourcesBuildPhase section */
		991BB5D12AC81BCA003DF840 /* Resources */ = {
			isa = PBXResourcesBuildPhase;
			buildActionMask = 2147483647;
			files = (
				991BB5E32AC81BCC003DF840 /* LaunchScreen.storyboard in Resources */,
				991BB5E02AC81BCC003DF840 /* Assets.xcassets in Resources */,
			);
			runOnlyForDeploymentPostprocessing = 0;
		};
/* End PBXResourcesBuildPhase section */

/* Begin PBXSourcesBuildPhase section */
		991BB5CF2AC81BCA003DF840 /* Sources */ = {
			isa = PBXSourcesBuildPhase;
			buildActionMask = 2147483647;
			files = (
				991BB5F62AC82327003DF840 /* UIView+.swift in Sources */,
				991BB5DB2AC81BCA003DF840 /* ViewController.swift in Sources */,
				991BB5F72AC82327003DF840 /* UILabel+.swift in Sources */,
				991BB5F82AC82327003DF840 /* UIScrollView+.swift in Sources */,
				991BB5D72AC81BCA003DF840 /* AppDelegate.swift in Sources */,
				991BB5D92AC81BCA003DF840 /* SceneDelegate.swift in Sources */,
			);
			runOnlyForDeploymentPostprocessing = 0;
		};
/* End PBXSourcesBuildPhase section */

/* Begin PBXVariantGroup section */
		991BB5E12AC81BCC003DF840 /* LaunchScreen.storyboard */ = {
			isa = PBXVariantGroup;
			children = (
				991BB5E22AC81BCC003DF840 /* Base */,
			);
			name = LaunchScreen.storyboard;
			sourceTree = "<group>";
		};
/* End PBXVariantGroup section */

/* Begin XCBuildConfiguration section */
		991BB5E52AC81BCC003DF840 /* Debug */ = {
			isa = XCBuildConfiguration;
			buildSettings = {
				ALWAYS_SEARCH_USER_PATHS = NO;
				CLANG_ANALYZER_NONNULL = YES;
				CLANG_ANALYZER_NUMBER_OBJECT_CONVERSION = YES_AGGRESSIVE;
				CLANG_CXX_LANGUAGE_STANDARD = "gnu++20";
				CLANG_ENABLE_MODULES = YES;
				CLANG_ENABLE_OBJC_ARC = YES;
				CLANG_ENABLE_OBJC_WEAK = YES;
				CLANG_WARN_BLOCK_CAPTURE_AUTORELEASING = YES;
				CLANG_WARN_BOOL_CONVERSION = YES;
				CLANG_WARN_COMMA = YES;
				CLANG_WARN_CONSTANT_CONVERSION = YES;
				CLANG_WARN_DEPRECATED_OBJC_IMPLEMENTATIONS = YES;
				CLANG_WARN_DIRECT_OBJC_ISA_USAGE = YES_ERROR;
				CLANG_WARN_DOCUMENTATION_COMMENTS = YES;
				CLANG_WARN_EMPTY_BODY = YES;
				CLANG_WARN_ENUM_CONVERSION = YES;
				CLANG_WARN_INFINITE_RECURSION = YES;
				CLANG_WARN_INT_CONVERSION = YES;
				CLANG_WARN_NON_LITERAL_NULL_CONVERSION = YES;
				CLANG_WARN_OBJC_IMPLICIT_RETAIN_SELF = YES;
				CLANG_WARN_OBJC_LITERAL_CONVERSION = YES;
				CLANG_WARN_OBJC_ROOT_CLASS = YES_ERROR;
				CLANG_WARN_QUOTED_INCLUDE_IN_FRAMEWORK_HEADER = YES;
				CLANG_WARN_RANGE_LOOP_ANALYSIS = YES;
				CLANG_WARN_STRICT_PROTOTYPES = YES;
				CLANG_WARN_SUSPICIOUS_MOVE = YES;
				CLANG_WARN_UNGUARDED_AVAILABILITY = YES_AGGRESSIVE;
				CLANG_WARN_UNREACHABLE_CODE = YES;
				CLANG_WARN__DUPLICATE_METHOD_MATCH = YES;
				COPY_PHASE_STRIP = NO;
				DEBUG_INFORMATION_FORMAT = dwarf;
				ENABLE_STRICT_OBJC_MSGSEND = YES;
				ENABLE_TESTABILITY = YES;
				GCC_C_LANGUAGE_STANDARD = gnu11;
				GCC_DYNAMIC_NO_PIC = NO;
				GCC_NO_COMMON_BLOCKS = YES;
				GCC_OPTIMIZATION_LEVEL = 0;
				GCC_PREPROCESSOR_DEFINITIONS = (
					"DEBUG=1",
					"$(inherited)",
				);
				GCC_WARN_64_TO_32_BIT_CONVERSION = YES;
				GCC_WARN_ABOUT_RETURN_TYPE = YES_ERROR;
				GCC_WARN_UNDECLARED_SELECTOR = YES;
				GCC_WARN_UNINITIALIZED_AUTOS = YES_AGGRESSIVE;
				GCC_WARN_UNUSED_FUNCTION = YES;
				GCC_WARN_UNUSED_VARIABLE = YES;
				IPHONEOS_DEPLOYMENT_TARGET = 16.1;
				MTL_ENABLE_DEBUG_INFO = INCLUDE_SOURCE;
				MTL_FAST_MATH = YES;
				ONLY_ACTIVE_ARCH = YES;
				SDKROOT = iphoneos;
				SWIFT_ACTIVE_COMPILATION_CONDITIONS = DEBUG;
				SWIFT_OPTIMIZATION_LEVEL = "-Onone";
			};
			name = Debug;
		};
		991BB5E62AC81BCC003DF840 /* Release */ = {
			isa = XCBuildConfiguration;
			buildSettings = {
				ALWAYS_SEARCH_USER_PATHS = NO;
				CLANG_ANALYZER_NONNULL = YES;
				CLANG_ANALYZER_NUMBER_OBJECT_CONVERSION = YES_AGGRESSIVE;
				CLANG_CXX_LANGUAGE_STANDARD = "gnu++20";
				CLANG_ENABLE_MODULES = YES;
				CLANG_ENABLE_OBJC_ARC = YES;
				CLANG_ENABLE_OBJC_WEAK = YES;
				CLANG_WARN_BLOCK_CAPTURE_AUTORELEASING = YES;
				CLANG_WARN_BOOL_CONVERSION = YES;
				CLANG_WARN_COMMA = YES;
				CLANG_WARN_CONSTANT_CONVERSION = YES;
				CLANG_WARN_DEPRECATED_OBJC_IMPLEMENTATIONS = YES;
				CLANG_WARN_DIRECT_OBJC_ISA_USAGE = YES_ERROR;
				CLANG_WARN_DOCUMENTATION_COMMENTS = YES;
				CLANG_WARN_EMPTY_BODY = YES;
				CLANG_WARN_ENUM_CONVERSION = YES;
				CLANG_WARN_INFINITE_RECURSION = YES;
				CLANG_WARN_INT_CONVERSION = YES;
				CLANG_WARN_NON_LITERAL_NULL_CONVERSION = YES;
				CLANG_WARN_OBJC_IMPLICIT_RETAIN_SELF = YES;
				CLANG_WARN_OBJC_LITERAL_CONVERSION = YES;
				CLANG_WARN_OBJC_ROOT_CLASS = YES_ERROR;
				CLANG_WARN_QUOTED_INCLUDE_IN_FRAMEWORK_HEADER = YES;
				CLANG_WARN_RANGE_LOOP_ANALYSIS = YES;
				CLANG_WARN_STRICT_PROTOTYPES = YES;
				CLANG_WARN_SUSPICIOUS_MOVE = YES;
				CLANG_WARN_UNGUARDED_AVAILABILITY = YES_AGGRESSIVE;
				CLANG_WARN_UNREACHABLE_CODE = YES;
				CLANG_WARN__DUPLICATE_METHOD_MATCH = YES;
				COPY_PHASE_STRIP = NO;
				DEBUG_INFORMATION_FORMAT = "dwarf-with-dsym";
				ENABLE_NS_ASSERTIONS = NO;
				ENABLE_STRICT_OBJC_MSGSEND = YES;
				GCC_C_LANGUAGE_STANDARD = gnu11;
				GCC_NO_COMMON_BLOCKS = YES;
				GCC_WARN_64_TO_32_BIT_CONVERSION = YES;
				GCC_WARN_ABOUT_RETURN_TYPE = YES_ERROR;
				GCC_WARN_UNDECLARED_SELECTOR = YES;
				GCC_WARN_UNINITIALIZED_AUTOS = YES_AGGRESSIVE;
				GCC_WARN_UNUSED_FUNCTION = YES;
				GCC_WARN_UNUSED_VARIABLE = YES;
				IPHONEOS_DEPLOYMENT_TARGET = 16.1;
				MTL_ENABLE_DEBUG_INFO = NO;
				MTL_FAST_MATH = YES;
				SDKROOT = iphoneos;
				SWIFT_COMPILATION_MODE = wholemodule;
				SWIFT_OPTIMIZATION_LEVEL = "-O";
				VALIDATE_PRODUCT = YES;
			};
			name = Release;
		};
		991BB5E82AC81BCC003DF840 /* Debug */ = {
			isa = XCBuildConfiguration;
			buildSettings = {
				ASSETCATALOG_COMPILER_APPICON_NAME = AppIcon;
				ASSETCATALOG_COMPILER_GLOBAL_ACCENT_COLOR_NAME = AccentColor;
				CODE_SIGN_STYLE = Automatic;
				CURRENT_PROJECT_VERSION = 1;
				GENERATE_INFOPLIST_FILE = YES;
				INFOPLIST_FILE = PageViewTutorial/Info.plist;
				INFOPLIST_KEY_UIApplicationSupportsIndirectInputEvents = YES;
				INFOPLIST_KEY_UILaunchStoryboardName = LaunchScreen;
				INFOPLIST_KEY_UISupportedInterfaceOrientations_iPad = "UIInterfaceOrientationPortrait UIInterfaceOrientationPortraitUpsideDown UIInterfaceOrientationLandscapeLeft UIInterfaceOrientationLandscapeRight";
				INFOPLIST_KEY_UISupportedInterfaceOrientations_iPhone = "UIInterfaceOrientationPortrait UIInterfaceOrientationLandscapeLeft UIInterfaceOrientationLandscapeRight";
				LD_RUNPATH_SEARCH_PATHS = (
					"$(inherited)",
					"@executable_path/Frameworks",
				);
				MARKETING_VERSION = 1.0;
				PRODUCT_BUNDLE_IDENTIFIER = com.vicki.PageViewTutorial;
				PRODUCT_NAME = "$(TARGET_NAME)";
				SWIFT_EMIT_LOC_STRINGS = YES;
				SWIFT_VERSION = 5.0;
				TARGETED_DEVICE_FAMILY = "1,2";
			};
			name = Debug;
		};
		991BB5E92AC81BCC003DF840 /* Release */ = {
			isa = XCBuildConfiguration;
			buildSettings = {
				ASSETCATALOG_COMPILER_APPICON_NAME = AppIcon;
				ASSETCATALOG_COMPILER_GLOBAL_ACCENT_COLOR_NAME = AccentColor;
				CODE_SIGN_STYLE = Automatic;
				CURRENT_PROJECT_VERSION = 1;
				GENERATE_INFOPLIST_FILE = YES;
				INFOPLIST_FILE = PageViewTutorial/Info.plist;
				INFOPLIST_KEY_UIApplicationSupportsIndirectInputEvents = YES;
				INFOPLIST_KEY_UILaunchStoryboardName = LaunchScreen;
				INFOPLIST_KEY_UISupportedInterfaceOrientations_iPad = "UIInterfaceOrientationPortrait UIInterfaceOrientationPortraitUpsideDown UIInterfaceOrientationLandscapeLeft UIInterfaceOrientationLandscapeRight";
				INFOPLIST_KEY_UISupportedInterfaceOrientations_iPhone = "UIInterfaceOrientationPortrait UIInterfaceOrientationLandscapeLeft UIInterfaceOrientationLandscapeRight";
				LD_RUNPATH_SEARCH_PATHS = (
					"$(inherited)",
					"@executable_path/Frameworks",
				);
				MARKETING_VERSION = 1.0;
				PRODUCT_BUNDLE_IDENTIFIER = com.vicki.PageViewTutorial;
				PRODUCT_NAME = "$(TARGET_NAME)";
				SWIFT_EMIT_LOC_STRINGS = YES;
				SWIFT_VERSION = 5.0;
				TARGETED_DEVICE_FAMILY = "1,2";
			};
			name = Release;
		};
/* End XCBuildConfiguration section */

/* Begin XCConfigurationList section */
		991BB5CE2AC81BCA003DF840 /* Build configuration list for PBXProject "PageViewTutorial" */ = {
			isa = XCConfigurationList;
			buildConfigurations = (
				991BB5E52AC81BCC003DF840 /* Debug */,
				991BB5E62AC81BCC003DF840 /* Release */,
			);
			defaultConfigurationIsVisible = 0;
			defaultConfigurationName = Release;
		};
		991BB5E72AC81BCC003DF840 /* Build configuration list for PBXNativeTarget "PageViewTutorial" */ = {
			isa = XCConfigurationList;
			buildConfigurations = (
				991BB5E82AC81BCC003DF840 /* Debug */,
				991BB5E92AC81BCC003DF840 /* Release */,
			);
			defaultConfigurationIsVisible = 0;
			defaultConfigurationName = Release;
		};
/* End XCConfigurationList section */
	};
	rootObject = 991BB5CB2AC81BCA003DF840 /* Project object */;
}
